// !$*UTF8*$!
{
	archiveVersion = 1;
	classes = {
	};
	objectVersion = 52;
	objects = {

/* Begin PBXBuildFile section */
		2E2D774F265F1C10001170A8 /* ManagersSpecialsService.swift in Sources */ = {isa = PBXBuildFile; fileRef = 2E2D774E265F1C10001170A8 /* ManagersSpecialsService.swift */; };
		2E2D7752265F2268001170A8 /* Store.swift in Sources */ = {isa = PBXBuildFile; fileRef = 2E2D7751265F2268001170A8 /* Store.swift */; };
		2E2D7754266005CC001170A8 /* Specials.swift in Sources */ = {isa = PBXBuildFile; fileRef = 2E2D7753266005CC001170A8 /* Specials.swift */; };
		2E2D77562660094B001170A8 /* specials.json in Resources */ = {isa = PBXBuildFile; fileRef = 2E2D77552660094B001170A8 /* specials.json */; };
		2E2D7758266009B4001170A8 /* SpecialsModelTests.swift in Sources */ = {isa = PBXBuildFile; fileRef = 2E2D7757266009B4001170A8 /* SpecialsModelTests.swift */; };
		2E2D775B26604486001170A8 /* ProductTileView.swift in Sources */ = {isa = PBXBuildFile; fileRef = 2E2D775A26604486001170A8 /* ProductTileView.swift */; };
		2E2D775E26604525001170A8 /* ProductTileViewModel.swift in Sources */ = {isa = PBXBuildFile; fileRef = 2E2D775D26604525001170A8 /* ProductTileViewModel.swift */; };
		2E2D7760266168F7001170A8 /* TileRowView.swift in Sources */ = {isa = PBXBuildFile; fileRef = 2E2D775F266168F6001170A8 /* TileRowView.swift */; };
		2E2D776226617BEC001170A8 /* ProductTileViewModelTests.swift in Sources */ = {isa = PBXBuildFile; fileRef = 2E2D776126617BEC001170A8 /* ProductTileViewModelTests.swift */; };
		2E2D776526618251001170A8 /* ChunkedByReduction.swift in Sources */ = {isa = PBXBuildFile; fileRef = 2E2D776426618251001170A8 /* ChunkedByReduction.swift */; };
		2E933871266545AE00ED16CA /* specials.json in Resources */ = {isa = PBXBuildFile; fileRef = 2E933870266545AE00ED16CA /* specials.json */; };
		2E9338752665472500ED16CA /* BundleHelpers.swift in Sources */ = {isa = PBXBuildFile; fileRef = 2EB78FAD265CB325004C0C61 /* BundleHelpers.swift */; };
		2E9338772665486800ED16CA /* BundleHelpers.swift in Sources */ = {isa = PBXBuildFile; fileRef = 2E9338762665486800ED16CA /* BundleHelpers.swift */; };
		2E93387926654ACC00ED16CA /* PreviewData.swift in Sources */ = {isa = PBXBuildFile; fileRef = 2E93387826654ACC00ED16CA /* PreviewData.swift */; };
		2E93387B26654EEE00ED16CA /* narrowProduct.json in Resources */ = {isa = PBXBuildFile; fileRef = 2E93387A26654EEE00ED16CA /* narrowProduct.json */; };
		2E93387D26654F8F00ED16CA /* verySmallProduct.json in Resources */ = {isa = PBXBuildFile; fileRef = 2E93387C26654F8F00ED16CA /* verySmallProduct.json */; };
		2E9338812665921900ED16CA /* threeSameOneTallerProducts.json in Resources */ = {isa = PBXBuildFile; fileRef = 2E9338802665921900ED16CA /* threeSameOneTallerProducts.json */; };
		2E9338842665A2AE00ED16CA /* SDWebImageSwiftUI in Frameworks */ = {isa = PBXBuildFile; productRef = 2E9338832665A2AE00ED16CA /* SDWebImageSwiftUI */; };
		2E9338A22666CFB700ED16CA /* Algorithms in Frameworks */ = {isa = PBXBuildFile; productRef = 2E9338A12666CFB700ED16CA /* Algorithms */; };
		2E9338A42666D14900ED16CA /* ChunkedByReductionTests.swift in Sources */ = {isa = PBXBuildFile; fileRef = 2E9338A32666D14900ED16CA /* ChunkedByReductionTests.swift */; };
		2E9338A6266702A800ED16CA /* ProductImageView.swift in Sources */ = {isa = PBXBuildFile; fileRef = 2E9338A5266702A700ED16CA /* ProductImageView.swift */; };
		2EB78F80265CABD6004C0C61 /* ManagersSpecialApp.swift in Sources */ = {isa = PBXBuildFile; fileRef = 2EB78F7F265CABD6004C0C61 /* ManagersSpecialApp.swift */; };
		2EB78F82265CABD6004C0C61 /* SpecialsView.swift in Sources */ = {isa = PBXBuildFile; fileRef = 2EB78F81265CABD6004C0C61 /* SpecialsView.swift */; };
		2EB78F84265CABD9004C0C61 /* Assets.xcassets in Resources */ = {isa = PBXBuildFile; fileRef = 2EB78F83265CABD9004C0C61 /* Assets.xcassets */; };
		2EB78F87265CABD9004C0C61 /* Preview Assets.xcassets in Resources */ = {isa = PBXBuildFile; fileRef = 2EB78F86265CABD9004C0C61 /* Preview Assets.xcassets */; };
		2EB78F9D265CABD9004C0C61 /* ManagersSpecialUITests.swift in Sources */ = {isa = PBXBuildFile; fileRef = 2EB78F9C265CABD9004C0C61 /* ManagersSpecialUITests.swift */; };
		2EB78FAC265CACB2004C0C61 /* Product.swift in Sources */ = {isa = PBXBuildFile; fileRef = 2EB78FAB265CACB2004C0C61 /* Product.swift */; };
		2EB78FB0265CB3BF004C0C61 /* ProductModelTests.swift in Sources */ = {isa = PBXBuildFile; fileRef = 2EB78FAF265CB3BF004C0C61 /* ProductModelTests.swift */; };
		2EB78FB3265CB46E004C0C61 /* product.json in Resources */ = {isa = PBXBuildFile; fileRef = 2EB78FB2265CB46E004C0C61 /* product.json */; };
/* End PBXBuildFile section */

/* Begin PBXContainerItemProxy section */
		2EB78F8E265CABD9004C0C61 /* PBXContainerItemProxy */ = {
			isa = PBXContainerItemProxy;
			containerPortal = 2EB78F74265CABD6004C0C61 /* Project object */;
			proxyType = 1;
			remoteGlobalIDString = 2EB78F7B265CABD6004C0C61;
			remoteInfo = ManagersSpecial;
		};
		2EB78F99265CABD9004C0C61 /* PBXContainerItemProxy */ = {
			isa = PBXContainerItemProxy;
			containerPortal = 2EB78F74265CABD6004C0C61 /* Project object */;
			proxyType = 1;
			remoteGlobalIDString = 2EB78F7B265CABD6004C0C61;
			remoteInfo = ManagersSpecial;
		};
/* End PBXContainerItemProxy section */

/* Begin PBXFileReference section */
		2E2D774E265F1C10001170A8 /* ManagersSpecialsService.swift */ = {isa = PBXFileReference; lastKnownFileType = sourcecode.swift; path = ManagersSpecialsService.swift; sourceTree = "<group>"; };
		2E2D7751265F2268001170A8 /* Store.swift */ = {isa = PBXFileReference; lastKnownFileType = sourcecode.swift; path = Store.swift; sourceTree = "<group>"; };
		2E2D7753266005CC001170A8 /* Specials.swift */ = {isa = PBXFileReference; lastKnownFileType = sourcecode.swift; path = Specials.swift; sourceTree = "<group>"; };
		2E2D77552660094B001170A8 /* specials.json */ = {isa = PBXFileReference; lastKnownFileType = text.json; path = specials.json; sourceTree = "<group>"; };
		2E2D7757266009B4001170A8 /* SpecialsModelTests.swift */ = {isa = PBXFileReference; lastKnownFileType = sourcecode.swift; path = SpecialsModelTests.swift; sourceTree = "<group>"; };
		2E2D775A26604486001170A8 /* ProductTileView.swift */ = {isa = PBXFileReference; lastKnownFileType = sourcecode.swift; path = ProductTileView.swift; sourceTree = "<group>"; };
		2E2D775D26604525001170A8 /* ProductTileViewModel.swift */ = {isa = PBXFileReference; lastKnownFileType = sourcecode.swift; path = ProductTileViewModel.swift; sourceTree = "<group>"; };
		2E2D775F266168F6001170A8 /* TileRowView.swift */ = {isa = PBXFileReference; lastKnownFileType = sourcecode.swift; path = TileRowView.swift; sourceTree = "<group>"; };
		2E2D776126617BEC001170A8 /* ProductTileViewModelTests.swift */ = {isa = PBXFileReference; lastKnownFileType = sourcecode.swift; path = ProductTileViewModelTests.swift; sourceTree = "<group>"; };
		2E2D776426618251001170A8 /* ChunkedByReduction.swift */ = {isa = PBXFileReference; lastKnownFileType = sourcecode.swift; path = ChunkedByReduction.swift; sourceTree = "<group>"; };
		2E933870266545AE00ED16CA /* specials.json */ = {isa = PBXFileReference; lastKnownFileType = text.json; path = specials.json; sourceTree = "<group>"; };
		2E9338762665486800ED16CA /* BundleHelpers.swift */ = {isa = PBXFileReference; lastKnownFileType = sourcecode.swift; path = BundleHelpers.swift; sourceTree = "<group>"; };
		2E93387826654ACC00ED16CA /* PreviewData.swift */ = {isa = PBXFileReference; lastKnownFileType = sourcecode.swift; path = PreviewData.swift; sourceTree = "<group>"; };
		2E93387A26654EEE00ED16CA /* narrowProduct.json */ = {isa = PBXFileReference; lastKnownFileType = text.json; path = narrowProduct.json; sourceTree = "<group>"; };
		2E93387C26654F8F00ED16CA /* verySmallProduct.json */ = {isa = PBXFileReference; lastKnownFileType = text.json; path = verySmallProduct.json; sourceTree = "<group>"; };
		2E9338802665921900ED16CA /* threeSameOneTallerProducts.json */ = {isa = PBXFileReference; lastKnownFileType = text.json; path = threeSameOneTallerProducts.json; sourceTree = "<group>"; };
		2E9338A32666D14900ED16CA /* ChunkedByReductionTests.swift */ = {isa = PBXFileReference; lastKnownFileType = sourcecode.swift; path = ChunkedByReductionTests.swift; sourceTree = "<group>"; };
		2E9338A5266702A700ED16CA /* ProductImageView.swift */ = {isa = PBXFileReference; lastKnownFileType = sourcecode.swift; path = ProductImageView.swift; sourceTree = "<group>"; };
		2EB78F7C265CABD6004C0C61 /* ManagersSpecial.app */ = {isa = PBXFileReference; explicitFileType = wrapper.application; includeInIndex = 0; path = ManagersSpecial.app; sourceTree = BUILT_PRODUCTS_DIR; };
		2EB78F7F265CABD6004C0C61 /* ManagersSpecialApp.swift */ = {isa = PBXFileReference; lastKnownFileType = sourcecode.swift; path = ManagersSpecialApp.swift; sourceTree = "<group>"; };
		2EB78F81265CABD6004C0C61 /* SpecialsView.swift */ = {isa = PBXFileReference; lastKnownFileType = sourcecode.swift; path = SpecialsView.swift; sourceTree = "<group>"; };
		2EB78F83265CABD9004C0C61 /* Assets.xcassets */ = {isa = PBXFileReference; lastKnownFileType = folder.assetcatalog; path = Assets.xcassets; sourceTree = "<group>"; };
		2EB78F86265CABD9004C0C61 /* Preview Assets.xcassets */ = {isa = PBXFileReference; lastKnownFileType = folder.assetcatalog; path = "Preview Assets.xcassets"; sourceTree = "<group>"; };
		2EB78F88265CABD9004C0C61 /* Info.plist */ = {isa = PBXFileReference; lastKnownFileType = text.plist.xml; path = Info.plist; sourceTree = "<group>"; };
		2EB78F8D265CABD9004C0C61 /* ManagersSpecialTests.xctest */ = {isa = PBXFileReference; explicitFileType = wrapper.cfbundle; includeInIndex = 0; path = ManagersSpecialTests.xctest; sourceTree = BUILT_PRODUCTS_DIR; };
		2EB78F93265CABD9004C0C61 /* Info.plist */ = {isa = PBXFileReference; lastKnownFileType = text.plist.xml; path = Info.plist; sourceTree = "<group>"; };
		2EB78F98265CABD9004C0C61 /* ManagersSpecialUITests.xctest */ = {isa = PBXFileReference; explicitFileType = wrapper.cfbundle; includeInIndex = 0; path = ManagersSpecialUITests.xctest; sourceTree = BUILT_PRODUCTS_DIR; };
		2EB78F9C265CABD9004C0C61 /* ManagersSpecialUITests.swift */ = {isa = PBXFileReference; lastKnownFileType = sourcecode.swift; path = ManagersSpecialUITests.swift; sourceTree = "<group>"; };
		2EB78F9E265CABD9004C0C61 /* Info.plist */ = {isa = PBXFileReference; lastKnownFileType = text.plist.xml; path = Info.plist; sourceTree = "<group>"; };
		2EB78FAB265CACB2004C0C61 /* Product.swift */ = {isa = PBXFileReference; lastKnownFileType = sourcecode.swift; path = Product.swift; sourceTree = "<group>"; };
		2EB78FAD265CB325004C0C61 /* BundleHelpers.swift */ = {isa = PBXFileReference; lastKnownFileType = sourcecode.swift; path = BundleHelpers.swift; sourceTree = "<group>"; };
		2EB78FAF265CB3BF004C0C61 /* ProductModelTests.swift */ = {isa = PBXFileReference; lastKnownFileType = sourcecode.swift; path = ProductModelTests.swift; sourceTree = "<group>"; };
		2EB78FB2265CB46E004C0C61 /* product.json */ = {isa = PBXFileReference; lastKnownFileType = text.json; path = product.json; sourceTree = "<group>"; };
/* End PBXFileReference section */

/* Begin PBXFrameworksBuildPhase section */
		2EB78F79265CABD6004C0C61 /* Frameworks */ = {
			isa = PBXFrameworksBuildPhase;
			buildActionMask = 2147483647;
			files = (
				2E9338A22666CFB700ED16CA /* Algorithms in Frameworks */,
				2E9338842665A2AE00ED16CA /* SDWebImageSwiftUI in Frameworks */,
			);
			runOnlyForDeploymentPostprocessing = 0;
		};
		2EB78F8A265CABD9004C0C61 /* Frameworks */ = {
			isa = PBXFrameworksBuildPhase;
			buildActionMask = 2147483647;
			files = (
			);
			runOnlyForDeploymentPostprocessing = 0;
		};
		2EB78F95265CABD9004C0C61 /* Frameworks */ = {
			isa = PBXFrameworksBuildPhase;
			buildActionMask = 2147483647;
			files = (
			);
			runOnlyForDeploymentPostprocessing = 0;
		};
/* End PBXFrameworksBuildPhase section */

/* Begin PBXGroup section */
		2E2D774D265F1A19001170A8 /* Services */ = {
			isa = PBXGroup;
			children = (
				2E2D774E265F1C10001170A8 /* ManagersSpecialsService.swift */,
			);
			path = Services;
			sourceTree = "<group>";
		};
		2E2D7750265F224D001170A8 /* Store */ = {
			isa = PBXGroup;
			children = (
				2E2D7751265F2268001170A8 /* Store.swift */,
			);
			path = Store;
			sourceTree = "<group>";
		};
		2E2D775926604447001170A8 /* Views */ = {
			isa = PBXGroup;
			children = (
				2EB78F81265CABD6004C0C61 /* SpecialsView.swift */,
				2E9338A5266702A700ED16CA /* ProductImageView.swift */,
				2E2D775A26604486001170A8 /* ProductTileView.swift */,
				2E2D775F266168F6001170A8 /* TileRowView.swift */,
			);
			path = Views;
			sourceTree = "<group>";
		};
		2E2D775C26604501001170A8 /* ViewModels */ = {
			isa = PBXGroup;
			children = (
				2E2D775D26604525001170A8 /* ProductTileViewModel.swift */,
			);
			path = ViewModels;
			sourceTree = "<group>";
		};
		2E2D7763266181EB001170A8 /* Extensions */ = {
			isa = PBXGroup;
			children = (
				2E2D776426618251001170A8 /* ChunkedByReduction.swift */,
			);
			path = Extensions;
			sourceTree = "<group>";
		};
		2E93386F2665459600ED16CA /* Resources */ = {
			isa = PBXGroup;
			children = (
				2E93387A26654EEE00ED16CA /* narrowProduct.json */,
				2E933870266545AE00ED16CA /* specials.json */,
				2E9338802665921900ED16CA /* threeSameOneTallerProducts.json */,
				2E93387C26654F8F00ED16CA /* verySmallProduct.json */,
			);
			path = Resources;
			sourceTree = "<group>";
		};
		2E9338742665470400ED16CA /* Helpers */ = {
			isa = PBXGroup;
			children = (
				2EB78FAD265CB325004C0C61 /* BundleHelpers.swift */,
			);
			path = Helpers;
			sourceTree = "<group>";
		};
		2EB78F73265CABD6004C0C61 = {
			isa = PBXGroup;
			children = (
				2EB78F7E265CABD6004C0C61 /* ManagersSpecial */,
				2EB78F90265CABD9004C0C61 /* ManagersSpecialTests */,
				2EB78F9B265CABD9004C0C61 /* ManagersSpecialUITests */,
				2EB78F7D265CABD6004C0C61 /* Products */,
			);
			sourceTree = "<group>";
		};
		2EB78F7D265CABD6004C0C61 /* Products */ = {
			isa = PBXGroup;
			children = (
				2EB78F7C265CABD6004C0C61 /* ManagersSpecial.app */,
				2EB78F8D265CABD9004C0C61 /* ManagersSpecialTests.xctest */,
				2EB78F98265CABD9004C0C61 /* ManagersSpecialUITests.xctest */,
			);
			name = Products;
			sourceTree = "<group>";
		};
		2EB78F7E265CABD6004C0C61 /* ManagersSpecial */ = {
			isa = PBXGroup;
			children = (
				2EB78F7F265CABD6004C0C61 /* ManagersSpecialApp.swift */,
				2E2D775926604447001170A8 /* Views */,
				2E2D775C26604501001170A8 /* ViewModels */,
				2EB78FAA265CAC61004C0C61 /* Models */,
				2E2D7750265F224D001170A8 /* Store */,
				2E2D774D265F1A19001170A8 /* Services */,
				2E2D7763266181EB001170A8 /* Extensions */,
				2E9338742665470400ED16CA /* Helpers */,
				2EB78F83265CABD9004C0C61 /* Assets.xcassets */,
				2EB78F88265CABD9004C0C61 /* Info.plist */,
				2EB78F85265CABD9004C0C61 /* Preview Content */,
			);
			path = ManagersSpecial;
			sourceTree = "<group>";
		};
		2EB78F85265CABD9004C0C61 /* Preview Content */ = {
			isa = PBXGroup;
			children = (
				2E93387826654ACC00ED16CA /* PreviewData.swift */,
				2E93386F2665459600ED16CA /* Resources */,
				2EB78F86265CABD9004C0C61 /* Preview Assets.xcassets */,
			);
			path = "Preview Content";
			sourceTree = "<group>";
		};
		2EB78F90265CABD9004C0C61 /* ManagersSpecialTests */ = {
			isa = PBXGroup;
			children = (
				2E9338A32666D14900ED16CA /* ChunkedByReductionTests.swift */,
				2EB78FAF265CB3BF004C0C61 /* ProductModelTests.swift */,
				2E2D776126617BEC001170A8 /* ProductTileViewModelTests.swift */,
				2E2D7757266009B4001170A8 /* SpecialsModelTests.swift */,
				2E9338762665486800ED16CA /* BundleHelpers.swift */,
				2EB78F93265CABD9004C0C61 /* Info.plist */,
				2EB78FB1265CB445004C0C61 /* Resources */,
			);
			path = ManagersSpecialTests;
			sourceTree = "<group>";
		};
		2EB78F9B265CABD9004C0C61 /* ManagersSpecialUITests */ = {
			isa = PBXGroup;
			children = (
				2EB78F9C265CABD9004C0C61 /* ManagersSpecialUITests.swift */,
				2EB78F9E265CABD9004C0C61 /* Info.plist */,
			);
			path = ManagersSpecialUITests;
			sourceTree = "<group>";
		};
		2EB78FAA265CAC61004C0C61 /* Models */ = {
			isa = PBXGroup;
			children = (
				2EB78FAB265CACB2004C0C61 /* Product.swift */,
				2E2D7753266005CC001170A8 /* Specials.swift */,
			);
			path = Models;
			sourceTree = "<group>";
		};
		2EB78FB1265CB445004C0C61 /* Resources */ = {
			isa = PBXGroup;
			children = (
				2EB78FB2265CB46E004C0C61 /* product.json */,
				2E2D77552660094B001170A8 /* specials.json */,
			);
			path = Resources;
			sourceTree = "<group>";
		};
/* End PBXGroup section */

/* Begin PBXNativeTarget section */
		2EB78F7B265CABD6004C0C61 /* ManagersSpecial */ = {
			isa = PBXNativeTarget;
			buildConfigurationList = 2EB78FA1265CABD9004C0C61 /* Build configuration list for PBXNativeTarget "ManagersSpecial" */;
			buildPhases = (
				2EB78F78265CABD6004C0C61 /* Sources */,
				2EB78F79265CABD6004C0C61 /* Frameworks */,
				2EB78F7A265CABD6004C0C61 /* Resources */,
			);
			buildRules = (
			);
			dependencies = (
			);
			name = ManagersSpecial;
			packageProductDependencies = (
				2E9338832665A2AE00ED16CA /* SDWebImageSwiftUI */,
				2E9338A12666CFB700ED16CA /* Algorithms */,
			);
			productName = ManagersSpecial;
			productReference = 2EB78F7C265CABD6004C0C61 /* ManagersSpecial.app */;
			productType = "com.apple.product-type.application";
		};
		2EB78F8C265CABD9004C0C61 /* ManagersSpecialTests */ = {
			isa = PBXNativeTarget;
			buildConfigurationList = 2EB78FA4265CABD9004C0C61 /* Build configuration list for PBXNativeTarget "ManagersSpecialTests" */;
			buildPhases = (
				2EB78F89265CABD9004C0C61 /* Sources */,
				2EB78F8A265CABD9004C0C61 /* Frameworks */,
				2EB78F8B265CABD9004C0C61 /* Resources */,
			);
			buildRules = (
			);
			dependencies = (
				2EB78F8F265CABD9004C0C61 /* PBXTargetDependency */,
			);
			name = ManagersSpecialTests;
			productName = ManagersSpecialTests;
			productReference = 2EB78F8D265CABD9004C0C61 /* ManagersSpecialTests.xctest */;
			productType = "com.apple.product-type.bundle.unit-test";
		};
		2EB78F97265CABD9004C0C61 /* ManagersSpecialUITests */ = {
			isa = PBXNativeTarget;
			buildConfigurationList = 2EB78FA7265CABD9004C0C61 /* Build configuration list for PBXNativeTarget "ManagersSpecialUITests" */;
			buildPhases = (
				2EB78F94265CABD9004C0C61 /* Sources */,
				2EB78F95265CABD9004C0C61 /* Frameworks */,
				2EB78F96265CABD9004C0C61 /* Resources */,
			);
			buildRules = (
			);
			dependencies = (
				2EB78F9A265CABD9004C0C61 /* PBXTargetDependency */,
			);
			name = ManagersSpecialUITests;
			productName = ManagersSpecialUITests;
			productReference = 2EB78F98265CABD9004C0C61 /* ManagersSpecialUITests.xctest */;
			productType = "com.apple.product-type.bundle.ui-testing";
		};
/* End PBXNativeTarget section */

/* Begin PBXProject section */
		2EB78F74265CABD6004C0C61 /* Project object */ = {
			isa = PBXProject;
			attributes = {
				LastSwiftUpdateCheck = 1250;
				LastUpgradeCheck = 1250;
				TargetAttributes = {
					2EB78F7B265CABD6004C0C61 = {
						CreatedOnToolsVersion = 12.5;
					};
					2EB78F8C265CABD9004C0C61 = {
						CreatedOnToolsVersion = 12.5;
						TestTargetID = 2EB78F7B265CABD6004C0C61;
					};
					2EB78F97265CABD9004C0C61 = {
						CreatedOnToolsVersion = 12.5;
						TestTargetID = 2EB78F7B265CABD6004C0C61;
					};
				};
			};
			buildConfigurationList = 2EB78F77265CABD6004C0C61 /* Build configuration list for PBXProject "ManagersSpecial" */;
			compatibilityVersion = "Xcode 9.3";
			developmentRegion = en;
			hasScannedForEncodings = 0;
			knownRegions = (
				en,
				Base,
			);
			mainGroup = 2EB78F73265CABD6004C0C61;
			packageReferences = (
				2E9338822665A2AE00ED16CA /* XCRemoteSwiftPackageReference "SDWebImageSwiftUI" */,
				2E9338A02666CFB600ED16CA /* XCRemoteSwiftPackageReference "swift-algorithms" */,
			);
			productRefGroup = 2EB78F7D265CABD6004C0C61 /* Products */;
			projectDirPath = "";
			projectRoot = "";
			targets = (
				2EB78F7B265CABD6004C0C61 /* ManagersSpecial */,
				2EB78F8C265CABD9004C0C61 /* ManagersSpecialTests */,
				2EB78F97265CABD9004C0C61 /* ManagersSpecialUITests */,
			);
		};
/* End PBXProject section */

/* Begin PBXResourcesBuildPhase section */
		2EB78F7A265CABD6004C0C61 /* Resources */ = {
			isa = PBXResourcesBuildPhase;
			buildActionMask = 2147483647;
			files = (
				2E93387B26654EEE00ED16CA /* narrowProduct.json in Resources */,
				2E93387D26654F8F00ED16CA /* verySmallProduct.json in Resources */,
				2EB78F87265CABD9004C0C61 /* Preview Assets.xcassets in Resources */,
				2E9338812665921900ED16CA /* threeSameOneTallerProducts.json in Resources */,
				2EB78F84265CABD9004C0C61 /* Assets.xcassets in Resources */,
				2E933871266545AE00ED16CA /* specials.json in Resources */,
			);
			runOnlyForDeploymentPostprocessing = 0;
		};
		2EB78F8B265CABD9004C0C61 /* Resources */ = {
			isa = PBXResourcesBuildPhase;
			buildActionMask = 2147483647;
			files = (
				2EB78FB3265CB46E004C0C61 /* product.json in Resources */,
				2E2D77562660094B001170A8 /* specials.json in Resources */,
			);
			runOnlyForDeploymentPostprocessing = 0;
		};
		2EB78F96265CABD9004C0C61 /* Resources */ = {
			isa = PBXResourcesBuildPhase;
			buildActionMask = 2147483647;
			files = (
			);
			runOnlyForDeploymentPostprocessing = 0;
		};
/* End PBXResourcesBuildPhase section */

/* Begin PBXSourcesBuildPhase section */
		2EB78F78265CABD6004C0C61 /* Sources */ = {
			isa = PBXSourcesBuildPhase;
			buildActionMask = 2147483647;
			files = (
				2EB78F82265CABD6004C0C61 /* SpecialsView.swift in Sources */,
				2E2D776526618251001170A8 /* ChunkedByReduction.swift in Sources */,
				2E93387926654ACC00ED16CA /* PreviewData.swift in Sources */,
				2E2D7760266168F7001170A8 /* TileRowView.swift in Sources */,
				2EB78F80265CABD6004C0C61 /* ManagersSpecialApp.swift in Sources */,
				2E2D775B26604486001170A8 /* ProductTileView.swift in Sources */,
				2EB78FAC265CACB2004C0C61 /* Product.swift in Sources */,
				2E2D7754266005CC001170A8 /* Specials.swift in Sources */,
				2E2D774F265F1C10001170A8 /* ManagersSpecialsService.swift in Sources */,
				2E2D775E26604525001170A8 /* ProductTileViewModel.swift in Sources */,
				2E2D7752265F2268001170A8 /* Store.swift in Sources */,
				2E9338752665472500ED16CA /* BundleHelpers.swift in Sources */,
				2E9338A6266702A800ED16CA /* ProductImageView.swift in Sources */,
			);
			runOnlyForDeploymentPostprocessing = 0;
		};
		2EB78F89265CABD9004C0C61 /* Sources */ = {
			isa = PBXSourcesBuildPhase;
			buildActionMask = 2147483647;
			files = (
				2EB78FB0265CB3BF004C0C61 /* ProductModelTests.swift in Sources */,
				2E2D776226617BEC001170A8 /* ProductTileViewModelTests.swift in Sources */,
				2E2D7758266009B4001170A8 /* SpecialsModelTests.swift in Sources */,
				2E9338772665486800ED16CA /* BundleHelpers.swift in Sources */,
				2E9338A42666D14900ED16CA /* ChunkedByReductionTests.swift in Sources */,
			);
			runOnlyForDeploymentPostprocessing = 0;
		};
		2EB78F94265CABD9004C0C61 /* Sources */ = {
			isa = PBXSourcesBuildPhase;
			buildActionMask = 2147483647;
			files = (
				2EB78F9D265CABD9004C0C61 /* ManagersSpecialUITests.swift in Sources */,
			);
			runOnlyForDeploymentPostprocessing = 0;
		};
/* End PBXSourcesBuildPhase section */

/* Begin PBXTargetDependency section */
		2EB78F8F265CABD9004C0C61 /* PBXTargetDependency */ = {
			isa = PBXTargetDependency;
			target = 2EB78F7B265CABD6004C0C61 /* ManagersSpecial */;
			targetProxy = 2EB78F8E265CABD9004C0C61 /* PBXContainerItemProxy */;
		};
		2EB78F9A265CABD9004C0C61 /* PBXTargetDependency */ = {
			isa = PBXTargetDependency;
			target = 2EB78F7B265CABD6004C0C61 /* ManagersSpecial */;
			targetProxy = 2EB78F99265CABD9004C0C61 /* PBXContainerItemProxy */;
		};
/* End PBXTargetDependency section */

/* Begin XCBuildConfiguration section */
		2EB78F9F265CABD9004C0C61 /* Debug */ = {
			isa = XCBuildConfiguration;
			buildSettings = {
				ALWAYS_SEARCH_USER_PATHS = NO;
				CLANG_ANALYZER_NONNULL = YES;
				CLANG_ANALYZER_NUMBER_OBJECT_CONVERSION = YES_AGGRESSIVE;
				CLANG_CXX_LANGUAGE_STANDARD = "gnu++14";
				CLANG_CXX_LIBRARY = "libc++";
				CLANG_ENABLE_MODULES = YES;
				CLANG_ENABLE_OBJC_ARC = YES;
				CLANG_ENABLE_OBJC_WEAK = YES;
				CLANG_WARN_BLOCK_CAPTURE_AUTORELEASING = YES;
				CLANG_WARN_BOOL_CONVERSION = YES;
				CLANG_WARN_COMMA = YES;
				CLANG_WARN_CONSTANT_CONVERSION = YES;
				CLANG_WARN_DEPRECATED_OBJC_IMPLEMENTATIONS = YES;
				CLANG_WARN_DIRECT_OBJC_ISA_USAGE = YES_ERROR;
				CLANG_WARN_DOCUMENTATION_COMMENTS = YES;
				CLANG_WARN_EMPTY_BODY = YES;
				CLANG_WARN_ENUM_CONVERSION = YES;
				CLANG_WARN_INFINITE_RECURSION = YES;
				CLANG_WARN_INT_CONVERSION = YES;
				CLANG_WARN_NON_LITERAL_NULL_CONVERSION = YES;
				CLANG_WARN_OBJC_IMPLICIT_RETAIN_SELF = YES;
				CLANG_WARN_OBJC_LITERAL_CONVERSION = YES;
				CLANG_WARN_OBJC_ROOT_CLASS = YES_ERROR;
				CLANG_WARN_QUOTED_INCLUDE_IN_FRAMEWORK_HEADER = YES;
				CLANG_WARN_RANGE_LOOP_ANALYSIS = YES;
				CLANG_WARN_STRICT_PROTOTYPES = YES;
				CLANG_WARN_SUSPICIOUS_MOVE = YES;
				CLANG_WARN_UNGUARDED_AVAILABILITY = YES_AGGRESSIVE;
				CLANG_WARN_UNREACHABLE_CODE = YES;
				CLANG_WARN__DUPLICATE_METHOD_MATCH = YES;
				COPY_PHASE_STRIP = NO;
				DEBUG_INFORMATION_FORMAT = dwarf;
				ENABLE_STRICT_OBJC_MSGSEND = YES;
				ENABLE_TESTABILITY = YES;
				GCC_C_LANGUAGE_STANDARD = gnu11;
				GCC_DYNAMIC_NO_PIC = NO;
				GCC_NO_COMMON_BLOCKS = YES;
				GCC_OPTIMIZATION_LEVEL = 0;
				GCC_PREPROCESSOR_DEFINITIONS = (
					"DEBUG=1",
					"$(inherited)",
				);
				GCC_WARN_64_TO_32_BIT_CONVERSION = YES;
				GCC_WARN_ABOUT_RETURN_TYPE = YES_ERROR;
				GCC_WARN_UNDECLARED_SELECTOR = YES;
				GCC_WARN_UNINITIALIZED_AUTOS = YES_AGGRESSIVE;
				GCC_WARN_UNUSED_FUNCTION = YES;
				GCC_WARN_UNUSED_VARIABLE = YES;
				IPHONEOS_DEPLOYMENT_TARGET = 14.5;
				MTL_ENABLE_DEBUG_INFO = INCLUDE_SOURCE;
				MTL_FAST_MATH = YES;
				ONLY_ACTIVE_ARCH = YES;
				SDKROOT = iphoneos;
				SWIFT_ACTIVE_COMPILATION_CONDITIONS = DEBUG;
				SWIFT_OPTIMIZATION_LEVEL = "-Onone";
			};
			name = Debug;
		};
		2EB78FA0265CABD9004C0C61 /* Release */ = {
			isa = XCBuildConfiguration;
			buildSettings = {
				ALWAYS_SEARCH_USER_PATHS = NO;
				CLANG_ANALYZER_NONNULL = YES;
				CLANG_ANALYZER_NUMBER_OBJECT_CONVERSION = YES_AGGRESSIVE;
				CLANG_CXX_LANGUAGE_STANDARD = "gnu++14";
				CLANG_CXX_LIBRARY = "libc++";
				CLANG_ENABLE_MODULES = YES;
				CLANG_ENABLE_OBJC_ARC = YES;
				CLANG_ENABLE_OBJC_WEAK = YES;
				CLANG_WARN_BLOCK_CAPTURE_AUTORELEASING = YES;
				CLANG_WARN_BOOL_CONVERSION = YES;
				CLANG_WARN_COMMA = YES;
				CLANG_WARN_CONSTANT_CONVERSION = YES;
				CLANG_WARN_DEPRECATED_OBJC_IMPLEMENTATIONS = YES;
				CLANG_WARN_DIRECT_OBJC_ISA_USAGE = YES_ERROR;
				CLANG_WARN_DOCUMENTATION_COMMENTS = YES;
				CLANG_WARN_EMPTY_BODY = YES;
				CLANG_WARN_ENUM_CONVERSION = YES;
				CLANG_WARN_INFINITE_RECURSION = YES;
				CLANG_WARN_INT_CONVERSION = YES;
				CLANG_WARN_NON_LITERAL_NULL_CONVERSION = YES;
				CLANG_WARN_OBJC_IMPLICIT_RETAIN_SELF = YES;
				CLANG_WARN_OBJC_LITERAL_CONVERSION = YES;
				CLANG_WARN_OBJC_ROOT_CLASS = YES_ERROR;
				CLANG_WARN_QUOTED_INCLUDE_IN_FRAMEWORK_HEADER = YES;
				CLANG_WARN_RANGE_LOOP_ANALYSIS = YES;
				CLANG_WARN_STRICT_PROTOTYPES = YES;
				CLANG_WARN_SUSPICIOUS_MOVE = YES;
				CLANG_WARN_UNGUARDED_AVAILABILITY = YES_AGGRESSIVE;
				CLANG_WARN_UNREACHABLE_CODE = YES;
				CLANG_WARN__DUPLICATE_METHOD_MATCH = YES;
				COPY_PHASE_STRIP = NO;
				DEBUG_INFORMATION_FORMAT = "dwarf-with-dsym";
				ENABLE_NS_ASSERTIONS = NO;
				ENABLE_STRICT_OBJC_MSGSEND = YES;
				GCC_C_LANGUAGE_STANDARD = gnu11;
				GCC_NO_COMMON_BLOCKS = YES;
				GCC_WARN_64_TO_32_BIT_CONVERSION = YES;
				GCC_WARN_ABOUT_RETURN_TYPE = YES_ERROR;
				GCC_WARN_UNDECLARED_SELECTOR = YES;
				GCC_WARN_UNINITIALIZED_AUTOS = YES_AGGRESSIVE;
				GCC_WARN_UNUSED_FUNCTION = YES;
				GCC_WARN_UNUSED_VARIABLE = YES;
				IPHONEOS_DEPLOYMENT_TARGET = 14.5;
				MTL_ENABLE_DEBUG_INFO = NO;
				MTL_FAST_MATH = YES;
				SDKROOT = iphoneos;
				SWIFT_COMPILATION_MODE = wholemodule;
				SWIFT_OPTIMIZATION_LEVEL = "-O";
				VALIDATE_PRODUCT = YES;
			};
			name = Release;
		};
		2EB78FA2265CABD9004C0C61 /* Debug */ = {
			isa = XCBuildConfiguration;
			buildSettings = {
				ASSETCATALOG_COMPILER_APPICON_NAME = AppIcon;
				ASSETCATALOG_COMPILER_GLOBAL_ACCENT_COLOR_NAME = AccentColor;
				CODE_SIGN_STYLE = Automatic;
				DEVELOPMENT_ASSET_PATHS = "\"ManagersSpecial/Preview Content\"";
				DEVELOPMENT_TEAM = FNC43UC46Z;
				ENABLE_PREVIEWS = YES;
				INFOPLIST_FILE = ManagersSpecial/Info.plist;
				IPHONEOS_DEPLOYMENT_TARGET = 14.0;
				LD_RUNPATH_SEARCH_PATHS = (
					"$(inherited)",
					"@executable_path/Frameworks",
				);
				PRODUCT_BUNDLE_IDENTIFIER = dev.toddthomas.ManagersSpecial;
				PRODUCT_NAME = "$(TARGET_NAME)";
				SWIFT_VERSION = 5.0;
				TARGETED_DEVICE_FAMILY = "1,2";
			};
			name = Debug;
		};
		2EB78FA3265CABD9004C0C61 /* Release */ = {
			isa = XCBuildConfiguration;
			buildSettings = {
				ASSETCATALOG_COMPILER_APPICON_NAME = AppIcon;
				ASSETCATALOG_COMPILER_GLOBAL_ACCENT_COLOR_NAME = AccentColor;
				CODE_SIGN_STYLE = Automatic;
				DEVELOPMENT_ASSET_PATHS = "\"ManagersSpecial/Preview Content\"";
				DEVELOPMENT_TEAM = FNC43UC46Z;
				ENABLE_PREVIEWS = YES;
				INFOPLIST_FILE = ManagersSpecial/Info.plist;
				IPHONEOS_DEPLOYMENT_TARGET = 14.0;
				LD_RUNPATH_SEARCH_PATHS = (
					"$(inherited)",
					"@executable_path/Frameworks",
				);
				PRODUCT_BUNDLE_IDENTIFIER = dev.toddthomas.ManagersSpecial;
				PRODUCT_NAME = "$(TARGET_NAME)";
				SWIFT_VERSION = 5.0;
				TARGETED_DEVICE_FAMILY = "1,2";
			};
			name = Release;
		};
		2EB78FA5265CABD9004C0C61 /* Debug */ = {
			isa = XCBuildConfiguration;
			buildSettings = {
				ALWAYS_EMBED_SWIFT_STANDARD_LIBRARIES = YES;
				BUNDLE_LOADER = "$(TEST_HOST)";
				CODE_SIGN_STYLE = Automatic;
				DEVELOPMENT_TEAM = FNC43UC46Z;
				INFOPLIST_FILE = ManagersSpecialTests/Info.plist;
				IPHONEOS_DEPLOYMENT_TARGET = 14.0;
				LD_RUNPATH_SEARCH_PATHS = (
					"$(inherited)",
					"@executable_path/Frameworks",
					"@loader_path/Frameworks",
				);
				PRODUCT_BUNDLE_IDENTIFIER = dev.toddthomas.ManagersSpecialTests;
				PRODUCT_NAME = "$(TARGET_NAME)";
				SWIFT_VERSION = 5.0;
				TARGETED_DEVICE_FAMILY = "1,2";
				TEST_HOST = "$(BUILT_PRODUCTS_DIR)/ManagersSpecial.app/ManagersSpecial";
			};
			name = Debug;
		};
		2EB78FA6265CABD9004C0C61 /* Release */ = {
			isa = XCBuildConfiguration;
			buildSettings = {
				ALWAYS_EMBED_SWIFT_STANDARD_LIBRARIES = YES;
				BUNDLE_LOADER = "$(TEST_HOST)";
				CODE_SIGN_STYLE = Automatic;
				DEVELOPMENT_TEAM = FNC43UC46Z;
				INFOPLIST_FILE = ManagersSpecialTests/Info.plist;
				IPHONEOS_DEPLOYMENT_TARGET = 14.0;
				LD_RUNPATH_SEARCH_PATHS = (
					"$(inherited)",
					"@executable_path/Frameworks",
					"@loader_path/Frameworks",
				);
				PRODUCT_BUNDLE_IDENTIFIER = dev.toddthomas.ManagersSpecialTests;
				PRODUCT_NAME = "$(TARGET_NAME)";
				SWIFT_VERSION = 5.0;
				TARGETED_DEVICE_FAMILY = "1,2";
				TEST_HOST = "$(BUILT_PRODUCTS_DIR)/ManagersSpecial.app/ManagersSpecial";
			};
			name = Release;
		};
		2EB78FA8265CABD9004C0C61 /* Debug */ = {
			isa = XCBuildConfiguration;
			buildSettings = {
				ALWAYS_EMBED_SWIFT_STANDARD_LIBRARIES = YES;
				CODE_SIGN_STYLE = Automatic;
				DEVELOPMENT_TEAM = FNC43UC46Z;
				INFOPLIST_FILE = ManagersSpecialUITests/Info.plist;
				LD_RUNPATH_SEARCH_PATHS = (
					"$(inherited)",
					"@executable_path/Frameworks",
					"@loader_path/Frameworks",
				);
				PRODUCT_BUNDLE_IDENTIFIER = dev.toddthomas.ManagersSpecialUITests;
				PRODUCT_NAME = "$(TARGET_NAME)";
				SWIFT_VERSION = 5.0;
				TARGETED_DEVICE_FAMILY = "1,2";
				TEST_TARGET_NAME = ManagersSpecial;
			};
			name = Debug;
		};
		2EB78FA9265CABD9004C0C61 /* Release */ = {
			isa = XCBuildConfiguration;
			buildSettings = {
				ALWAYS_EMBED_SWIFT_STANDARD_LIBRARIES = YES;
				CODE_SIGN_STYLE = Automatic;
				DEVELOPMENT_TEAM = FNC43UC46Z;
				INFOPLIST_FILE = ManagersSpecialUITests/Info.plist;
				LD_RUNPATH_SEARCH_PATHS = (
					"$(inherited)",
					"@executable_path/Frameworks",
					"@loader_path/Frameworks",
				);
				PRODUCT_BUNDLE_IDENTIFIER = dev.toddthomas.ManagersSpecialUITests;
				PRODUCT_NAME = "$(TARGET_NAME)";
				SWIFT_VERSION = 5.0;
				TARGETED_DEVICE_FAMILY = "1,2";
				TEST_TARGET_NAME = ManagersSpecial;
			};
			name = Release;
		};
/* End XCBuildConfiguration section */

/* Begin XCConfigurationList section */
		2EB78F77265CABD6004C0C61 /* Build configuration list for PBXProject "ManagersSpecial" */ = {
			isa = XCConfigurationList;
			buildConfigurations = (
				2EB78F9F265CABD9004C0C61 /* Debug */,
				2EB78FA0265CABD9004C0C61 /* Release */,
			);
			defaultConfigurationIsVisible = 0;
			defaultConfigurationName = Release;
		};
		2EB78FA1265CABD9004C0C61 /* Build configuration list for PBXNativeTarget "ManagersSpecial" */ = {
			isa = XCConfigurationList;
			buildConfigurations = (
				2EB78FA2265CABD9004C0C61 /* Debug */,
				2EB78FA3265CABD9004C0C61 /* Release */,
			);
			defaultConfigurationIsVisible = 0;
			defaultConfigurationName = Release;
		};
		2EB78FA4265CABD9004C0C61 /* Build configuration list for PBXNativeTarget "ManagersSpecialTests" */ = {
			isa = XCConfigurationList;
			buildConfigurations = (
				2EB78FA5265CABD9004C0C61 /* Debug */,
				2EB78FA6265CABD9004C0C61 /* Release */,
			);
			defaultConfigurationIsVisible = 0;
			defaultConfigurationName = Release;
		};
		2EB78FA7265CABD9004C0C61 /* Build configuration list for PBXNativeTarget "ManagersSpecialUITests" */ = {
			isa = XCConfigurationList;
			buildConfigurations = (
				2EB78FA8265CABD9004C0C61 /* Debug */,
				2EB78FA9265CABD9004C0C61 /* Release */,
			);
			defaultConfigurationIsVisible = 0;
			defaultConfigurationName = Release;
		};
/* End XCConfigurationList section */

/* Begin XCRemoteSwiftPackageReference section */
		2E9338822665A2AE00ED16CA /* XCRemoteSwiftPackageReference "SDWebImageSwiftUI" */ = {
			isa = XCRemoteSwiftPackageReference;
			repositoryURL = "https://github.com/SDWebImage/SDWebImageSwiftUI.git";
			requirement = {
				kind = upToNextMinorVersion;
				minimumVersion = 2.0.2;
			};
		};
		2E9338A02666CFB600ED16CA /* XCRemoteSwiftPackageReference "swift-algorithms" */ = {
			isa = XCRemoteSwiftPackageReference;
			repositoryURL = "git@github.com:apple/swift-algorithms.git";
			requirement = {
				kind = upToNextMinorVersion;
				minimumVersion = 0.2.0;
			};
		};
/* End XCRemoteSwiftPackageReference section */

/* Begin XCSwiftPackageProductDependency section */
		2E9338832665A2AE00ED16CA /* SDWebImageSwiftUI */ = {
			isa = XCSwiftPackageProductDependency;
			package = 2E9338822665A2AE00ED16CA /* XCRemoteSwiftPackageReference "SDWebImageSwiftUI" */;
			productName = SDWebImageSwiftUI;
		};
		2E9338A12666CFB700ED16CA /* Algorithms */ = {
			isa = XCSwiftPackageProductDependency;
			package = 2E9338A02666CFB600ED16CA /* XCRemoteSwiftPackageReference "swift-algorithms" */;
			productName = Algorithms;
		};
/* End XCSwiftPackageProductDependency section */
	};
	rootObject = 2EB78F74265CABD6004C0C61 /* Project object */;
}
